
Microsoft Visual Studio Solution File, Format Version 12.00
# Visual Studio Version 16
VisualStudioVersion = 16.0.30503.244
MinimumVisualStudioVersion = 10.0.40219.1
Project("{FAE04EC0-301F-11D3-BF4B-00C04F79EFBC}") = "Practical1", "Practical1.csproj", "{461F7DB9-6253-47F6-A8AE-A14507E27D3C}"
EndProject
Project("{FAE04EC0-301F-11D3-BF4B-00C04F79EFBC}") = "Practical2", "..\Practical2\Practical2.csproj", "{E4F47289-F4AC-4260-9CE2-119AC8863081}"
EndProject
Project("{FAE04EC0-301F-11D3-BF4B-00C04F79EFBC}") = "Practical3", "..\Practical3\Practical3.csproj", "{954CE004-83FC-430F-B943-C8D19B66EF14}"
EndProject
Project("{FAE04EC0-301F-11D3-BF4B-00C04F79EFBC}") = "Practical4", "..\Practical4\Practical4.csproj", "{38E0CF43-530B-4D56-9910-6476368AAF10}"
EndProject
Project("{FAE04EC0-301F-11D3-BF4B-00C04F79EFBC}") = "Practical5", "..\Practical5\Practical5.csproj", "{15722FD0-0C3B-4934-B75F-F1049E4B600D}"
EndProject
Project("{FAE04EC0-301F-11D3-BF4B-00C04F79EFBC}") = "Practical6", "..\Practical6\Practical6.csproj", "{20B9BFC0-61F5-46F9-BEF9-D4AC226874F0}"
EndProject
Project("{FAE04EC0-301F-11D3-BF4B-00C04F79EFBC}") = "Practical7", "..\Practical7\Practical7.csproj", "{5D4553C4-0747-4B99-AF51-748EAE75161B}"
EndProject
Project("{FAE04EC0-301F-11D3-BF4B-00C04F79EFBC}") = "Practical8", "..\Practical8\Practical8.csproj", "{9D9860FE-D544-4609-B0A0-28A21BEB5BDA}"
EndProject
Project("{FAE04EC0-301F-11D3-BF4B-00C04F79EFBC}") = "Practical9", "..\Practical9\Practical9.csproj", "{A9C76E87-8E1F-4BBD-9DF8-5FA3597537B0}"
EndProject
Project("{FAE04EC0-301F-11D3-BF4B-00C04F79EFBC}") = "Practical10", "..\Practical10\Practical10.csproj", "{44B4B102-5F79-407B-8FC0-200FCC476816}"
EndProject
Project("{FAE04EC0-301F-11D3-BF4B-00C04F79EFBC}") = "Practical11", "..\Practical11\Practical11.csproj", "{14D938DE-7EA8-4524-8602-80A0B11A3A0B}"
EndProject
Project("{FAE04EC0-301F-11D3-BF4B-00C04F79EFBC}") = "Practical12", "..\Practical12\Practical12.csproj", "{EF859777-CBC2-48E2-B725-34D444805F8A}"
EndProject
Project("{FAE04EC0-301F-11D3-BF4B-00C04F79EFBC}") = "Practical13", "..\Practical13\Practical13.csproj", "{B89AB6ED-903E-4F2D-8200-A9E875EAC20A}"
EndProject
Project("{FAE04EC0-301F-11D3-BF4B-00C04F79EFBC}") = "Practical14", "..\Practical14\Practical14.csproj", "{5B925BD7-F98D-4177-A969-125C9A5C96FB}"
EndProject
Project("{FAE04EC0-301F-11D3-BF4B-00C04F79EFBC}") = "Practical15", "..\Practical15\Practical15.csproj", "{E9BCCB82-DA3D-4B6C-A433-97DD6076C6D9}"
EndProject
Project("{FAE04EC0-301F-11D3-BF4B-00C04F79EFBC}") = "Practical16", "..\Practical16\Practical16.csproj", "{3FD536F9-5D9A-4F6B-ABB7-3233D6A49DF0}"
EndProject
Project("{FAE04EC0-301F-11D3-BF4B-00C04F79EFBC}") = "Practical17", "..\Practical17\Practical17.csproj", "{DA621C90-D877-4352-9E05-2C26C6DEBE01}"
EndProject
Project("{FAE04EC0-301F-11D3-BF4B-00C04F79EFBC}") = "Practical18", "..\Practical18\Practical18.csproj", "{AB4A8DF2-D38B-4423-8244-C108E27078D0}"
EndProject
Project("{FAE04EC0-301F-11D3-BF4B-00C04F79EFBC}") = "Practical19", "..\Practical19\Practical19.csproj", "{8901E311-A5CF-4DBC-99C0-9CD77D06C7B3}"
EndProject
Project("{FAE04EC0-301F-11D3-BF4B-00C04F79EFBC}") = "Practical20", "..\Practical20\Practical20.csproj", "{D827446C-BCFE-400D-919F-94877828603F}"
EndProject
Project("{FAE04EC0-301F-11D3-BF4B-00C04F79EFBC}") = "Practical21", "..\Practical21\Practical21.csproj", "{A458884F-6940-4F4E-88E6-F4EEF0B12499}"
EndProject
Project("{FAE04EC0-301F-11D3-BF4B-00C04F79EFBC}") = "Practical22", "..\Practical22\Practical22.csproj", "{A69BFDE8-B637-4016-AC52-5A7871B82A86}"
EndProject
Project("{FAE04EC0-301F-11D3-BF4B-00C04F79EFBC}") = "Practical23", "..\Practical23\Practical23.csproj", "{AD2C4D8E-57D2-4052-9C13-05E92029656F}"
EndProject
Project("{FAE04EC0-301F-11D3-BF4B-00C04F79EFBC}") = "Practical24", "..\Practical24\Practical24.csproj", "{50676B1C-3CAE-43FB-A072-74AA929D89B6}"
EndProject
Global
	GlobalSection(SolutionConfigurationPlatforms) = preSolution
		Debug|Any CPU = Debug|Any CPU
		Release|Any CPU = Release|Any CPU
	EndGlobalSection
	GlobalSection(ProjectConfigurationPlatforms) = postSolution
		{461F7DB9-6253-47F6-A8AE-A14507E27D3C}.Debug|Any CPU.ActiveCfg = Debug|Any CPU
		{461F7DB9-6253-47F6-A8AE-A14507E27D3C}.Debug|Any CPU.Build.0 = Debug|Any CPU
		{461F7DB9-6253-47F6-A8AE-A14507E27D3C}.Release|Any CPU.ActiveCfg = Release|Any CPU
		{461F7DB9-6253-47F6-A8AE-A14507E27D3C}.Release|Any CPU.Build.0 = Release|Any CPU
		{E4F47289-F4AC-4260-9CE2-119AC8863081}.Debug|Any CPU.ActiveCfg = Debug|Any CPU
		{E4F47289-F4AC-4260-9CE2-119AC8863081}.Debug|Any CPU.Build.0 = Debug|Any CPU
		{E4F47289-F4AC-4260-9CE2-119AC8863081}.Release|Any CPU.ActiveCfg = Release|Any CPU
		{E4F47289-F4AC-4260-9CE2-119AC8863081}.Release|Any CPU.Build.0 = Release|Any CPU
		{954CE004-83FC-430F-B943-C8D19B66EF14}.Debug|Any CPU.ActiveCfg = Debug|Any CPU
		{954CE004-83FC-430F-B943-C8D19B66EF14}.Debug|Any CPU.Build.0 = Debug|Any CPU
		{954CE004-83FC-430F-B943-C8D19B66EF14}.Release|Any CPU.ActiveCfg = Release|Any CPU
		{954CE004-83FC-430F-B943-C8D19B66EF14}.Release|Any CPU.Build.0 = Release|Any CPU
		{38E0CF43-530B-4D56-9910-6476368AAF10}.Debug|Any CPU.ActiveCfg = Debug|Any CPU
		{38E0CF43-530B-4D56-9910-6476368AAF10}.Debug|Any CPU.Build.0 = Debug|Any CPU
		{38E0CF43-530B-4D56-9910-6476368AAF10}.Release|Any CPU.ActiveCfg = Release|Any CPU
		{38E0CF43-530B-4D56-9910-6476368AAF10}.Release|Any CPU.Build.0 = Release|Any CPU
		{15722FD0-0C3B-4934-B75F-F1049E4B600D}.Debug|Any CPU.ActiveCfg = Debug|Any CPU
		{15722FD0-0C3B-4934-B75F-F1049E4B600D}.Debug|Any CPU.Build.0 = Debug|Any CPU
		{15722FD0-0C3B-4934-B75F-F1049E4B600D}.Release|Any CPU.ActiveCfg = Release|Any CPU
		{15722FD0-0C3B-4934-B75F-F1049E4B600D}.Release|Any CPU.Build.0 = Release|Any CPU
		{20B9BFC0-61F5-46F9-BEF9-D4AC226874F0}.Debug|Any CPU.ActiveCfg = Debug|Any CPU
		{20B9BFC0-61F5-46F9-BEF9-D4AC226874F0}.Debug|Any CPU.Build.0 = Debug|Any CPU
		{20B9BFC0-61F5-46F9-BEF9-D4AC226874F0}.Release|Any CPU.ActiveCfg = Release|Any CPU
		{20B9BFC0-61F5-46F9-BEF9-D4AC226874F0}.Release|Any CPU.Build.0 = Release|Any CPU
		{5D4553C4-0747-4B99-AF51-748EAE75161B}.Debug|Any CPU.ActiveCfg = Debug|Any CPU
		{5D4553C4-0747-4B99-AF51-748EAE75161B}.Debug|Any CPU.Build.0 = Debug|Any CPU
		{5D4553C4-0747-4B99-AF51-748EAE75161B}.Release|Any CPU.ActiveCfg = Release|Any CPU
		{5D4553C4-0747-4B99-AF51-748EAE75161B}.Release|Any CPU.Build.0 = Release|Any CPU
		{9D9860FE-D544-4609-B0A0-28A21BEB5BDA}.Debug|Any CPU.ActiveCfg = Debug|Any CPU
		{9D9860FE-D544-4609-B0A0-28A21BEB5BDA}.Debug|Any CPU.Build.0 = Debug|Any CPU
		{9D9860FE-D544-4609-B0A0-28A21BEB5BDA}.Release|Any CPU.ActiveCfg = Release|Any CPU
		{9D9860FE-D544-4609-B0A0-28A21BEB5BDA}.Release|Any CPU.Build.0 = Release|Any CPU
		{A9C76E87-8E1F-4BBD-9DF8-5FA3597537B0}.Debug|Any CPU.ActiveCfg = Debug|Any CPU
		{A9C76E87-8E1F-4BBD-9DF8-5FA3597537B0}.Debug|Any CPU.Build.0 = Debug|Any CPU
		{A9C76E87-8E1F-4BBD-9DF8-5FA3597537B0}.Release|Any CPU.ActiveCfg = Release|Any CPU
		{A9C76E87-8E1F-4BBD-9DF8-5FA3597537B0}.Release|Any CPU.Build.0 = Release|Any CPU
		{44B4B102-5F79-407B-8FC0-200FCC476816}.Debug|Any CPU.ActiveCfg = Debug|Any CPU
		{44B4B102-5F79-407B-8FC0-200FCC476816}.Debug|Any CPU.Build.0 = Debug|Any CPU
		{44B4B102-5F79-407B-8FC0-200FCC476816}.Release|Any CPU.ActiveCfg = Release|Any CPU
		{44B4B102-5F79-407B-8FC0-200FCC476816}.Release|Any CPU.Build.0 = Release|Any CPU
		{14D938DE-7EA8-4524-8602-80A0B11A3A0B}.Debug|Any CPU.ActiveCfg = Debug|Any CPU
		{14D938DE-7EA8-4524-8602-80A0B11A3A0B}.Debug|Any CPU.Build.0 = Debug|Any CPU
		{14D938DE-7EA8-4524-8602-80A0B11A3A0B}.Release|Any CPU.ActiveCfg = Release|Any CPU
		{14D938DE-7EA8-4524-8602-80A0B11A3A0B}.Release|Any CPU.Build.0 = Release|Any CPU
		{EF859777-CBC2-48E2-B725-34D444805F8A}.Debug|Any CPU.ActiveCfg = Debug|Any CPU
		{EF859777-CBC2-48E2-B725-34D444805F8A}.Debug|Any CPU.Build.0 = Debug|Any CPU
		{EF859777-CBC2-48E2-B725-34D444805F8A}.Release|Any CPU.ActiveCfg = Release|Any CPU
		{EF859777-CBC2-48E2-B725-34D444805F8A}.Release|Any CPU.Build.0 = Release|Any CPU
		{B89AB6ED-903E-4F2D-8200-A9E875EAC20A}.Debug|Any CPU.ActiveCfg = Debug|Any CPU
		{B89AB6ED-903E-4F2D-8200-A9E875EAC20A}.Debug|Any CPU.Build.0 = Debug|Any CPU
		{B89AB6ED-903E-4F2D-8200-A9E875EAC20A}.Release|Any CPU.ActiveCfg = Release|Any CPU
		{B89AB6ED-903E-4F2D-8200-A9E875EAC20A}.Release|Any CPU.Build.0 = Release|Any CPU
		{5B925BD7-F98D-4177-A969-125C9A5C96FB}.Debug|Any CPU.ActiveCfg = Debug|Any CPU
		{5B925BD7-F98D-4177-A969-125C9A5C96FB}.Debug|Any CPU.Build.0 = Debug|Any CPU
		{5B925BD7-F98D-4177-A969-125C9A5C96FB}.Release|Any CPU.ActiveCfg = Release|Any CPU
		{5B925BD7-F98D-4177-A969-125C9A5C96FB}.Release|Any CPU.Build.0 = Release|Any CPU
		{E9BCCB82-DA3D-4B6C-A433-97DD6076C6D9}.Debug|Any CPU.ActiveCfg = Debug|Any CPU
		{E9BCCB82-DA3D-4B6C-A433-97DD6076C6D9}.Debug|Any CPU.Build.0 = Debug|Any CPU
		{E9BCCB82-DA3D-4B6C-A433-97DD6076C6D9}.Release|Any CPU.ActiveCfg = Release|Any CPU
		{E9BCCB82-DA3D-4B6C-A433-97DD6076C6D9}.Release|Any CPU.Build.0 = Release|Any CPU
		{3FD536F9-5D9A-4F6B-ABB7-3233D6A49DF0}.Debug|Any CPU.ActiveCfg = Debug|Any CPU
		{3FD536F9-5D9A-4F6B-ABB7-3233D6A49DF0}.Debug|Any CPU.Build.0 = Debug|Any CPU
		{3FD536F9-5D9A-4F6B-ABB7-3233D6A49DF0}.Release|Any CPU.ActiveCfg = Release|Any CPU
		{3FD536F9-5D9A-4F6B-ABB7-3233D6A49DF0}.Release|Any CPU.Build.0 = Release|Any CPU
		{DA621C90-D877-4352-9E05-2C26C6DEBE01}.Debug|Any CPU.ActiveCfg = Debug|Any CPU
		{DA621C90-D877-4352-9E05-2C26C6DEBE01}.Debug|Any CPU.Build.0 = Debug|Any CPU
		{DA621C90-D877-4352-9E05-2C26C6DEBE01}.Release|Any CPU.ActiveCfg = Release|Any CPU
		{DA621C90-D877-4352-9E05-2C26C6DEBE01}.Release|Any CPU.Build.0 = Release|Any CPU
		{AB4A8DF2-D38B-4423-8244-C108E27078D0}.Debug|Any CPU.ActiveCfg = Debug|Any CPU
		{AB4A8DF2-D38B-4423-8244-C108E27078D0}.Debug|Any CPU.Build.0 = Debug|Any CPU
		{AB4A8DF2-D38B-4423-8244-C108E27078D0}.Release|Any CPU.ActiveCfg = Release|Any CPU
		{AB4A8DF2-D38B-4423-8244-C108E27078D0}.Release|Any CPU.Build.0 = Release|Any CPU
		{8901E311-A5CF-4DBC-99C0-9CD77D06C7B3}.Debug|Any CPU.ActiveCfg = Debug|Any CPU
		{8901E311-A5CF-4DBC-99C0-9CD77D06C7B3}.Debug|Any CPU.Build.0 = Debug|Any CPU
		{8901E311-A5CF-4DBC-99C0-9CD77D06C7B3}.Release|Any CPU.ActiveCfg = Release|Any CPU
		{8901E311-A5CF-4DBC-99C0-9CD77D06C7B3}.Release|Any CPU.Build.0 = Release|Any CPU
		{D827446C-BCFE-400D-919F-94877828603F}.Debug|Any CPU.ActiveCfg = Debug|Any CPU
		{D827446C-BCFE-400D-919F-94877828603F}.Debug|Any CPU.Build.0 = Debug|Any CPU
		{D827446C-BCFE-400D-919F-94877828603F}.Release|Any CPU.ActiveCfg = Release|Any CPU
		{D827446C-BCFE-400D-919F-94877828603F}.Release|Any CPU.Build.0 = Release|Any CPU
		{A458884F-6940-4F4E-88E6-F4EEF0B12499}.Debug|Any CPU.ActiveCfg = Debug|Any CPU
		{A458884F-6940-4F4E-88E6-F4EEF0B12499}.Debug|Any CPU.Build.0 = Debug|Any CPU
		{A458884F-6940-4F4E-88E6-F4EEF0B12499}.Release|Any CPU.ActiveCfg = Release|Any CPU
		{A458884F-6940-4F4E-88E6-F4EEF0B12499}.Release|Any CPU.Build.0 = Release|Any CPU
		{A69BFDE8-B637-4016-AC52-5A7871B82A86}.Debug|Any CPU.ActiveCfg = Debug|Any CPU
		{A69BFDE8-B637-4016-AC52-5A7871B82A86}.Debug|Any CPU.Build.0 = Debug|Any CPU
		{A69BFDE8-B637-4016-AC52-5A7871B82A86}.Release|Any CPU.ActiveCfg = Release|Any CPU
		{A69BFDE8-B637-4016-AC52-5A7871B82A86}.Release|Any CPU.Build.0 = Release|Any CPU
		{AD2C4D8E-57D2-4052-9C13-05E92029656F}.Debug|Any CPU.ActiveCfg = Debug|Any CPU
		{AD2C4D8E-57D2-4052-9C13-05E92029656F}.Debug|Any CPU.Build.0 = Debug|Any CPU
		{AD2C4D8E-57D2-4052-9C13-05E92029656F}.Release|Any CPU.ActiveCfg = Release|Any CPU
		{AD2C4D8E-57D2-4052-9C13-05E92029656F}.Release|Any CPU.Build.0 = Release|Any CPU
		{50676B1C-3CAE-43FB-A072-74AA929D89B6}.Debug|Any CPU.ActiveCfg = Debug|Any CPU
		{50676B1C-3CAE-43FB-A072-74AA929D89B6}.Debug|Any CPU.Build.0 = Debug|Any CPU
		{50676B1C-3CAE-43FB-A072-74AA929D89B6}.Release|Any CPU.ActiveCfg = Release|Any CPU
		{50676B1C-3CAE-43FB-A072-74AA929D89B6}.Release|Any CPU.Build.0 = Release|Any CPU
	EndGlobalSection
	GlobalSection(SolutionProperties) = preSolution
		HideSolutionNode = FALSE
	EndGlobalSection
	GlobalSection(ExtensibilityGlobals) = postSolution
		SolutionGuid = {C2C6418D-316B-4462-8419-FB6080877254}
	EndGlobalSection
EndGlobal
